
Microsoft Visual Studio Solution File, Format Version 12.00
# Visual Studio Version 17
VisualStudioVersion = 17.9.34714.143
MinimumVisualStudioVersion = 10.0.40219.1
Project("{FAE04EC0-301F-11D3-BF4B-00C04F79EFBC}") = "GoLive", "GoLive.csproj", "{C5A72B02-279A-47E2-805C-A96CA9FDFFE7}"
EndProject
Global
	GlobalSection(SolutionConfigurationPlatforms) = preSolution
		Debug|Any CPU = Debug|Any CPU
		Release|Any CPU = Release|Any CPU
	EndGlobalSection
	GlobalSection(ProjectConfigurationPlatforms) = postSolution
		{C5A72B02-279A-47E2-805C-A96CA9FDFFE7}.Debug|Any CPU.ActiveCfg = Debug|Any CPU
		{C5A72B02-279A-47E2-805C-A96CA9FDFFE7}.Debug|Any CPU.Build.0 = Debug|Any CPU
		{C5A72B02-279A-47E2-805C-A96CA9FDFFE7}.Release|Any CPU.ActiveCfg = Release|Any CPU
		{C5A72B02-279A-47E2-805C-A96CA9FDFFE7}.Release|Any CPU.Build.0 = Release|Any CPU
	EndGlobalSection
	GlobalSection(SolutionProperties) = preSolution
		HideSolutionNode = FALSE
	EndGlobalSection
	GlobalSection(ExtensibilityGlobals) = postSolution
		SolutionGuid = {4C6A672D-EC09-40CF-BE09-F0EE825F47D9}
	EndGlobalSection
EndGlobal
